// !$*UTF8*$!
{
	archiveVersion = 1;
	classes = {
	};
	objectVersion = 56;
	objects = {

/* Begin PBXBuildFile section */
		FC30FFB32C027081006AF757 /* PokemonTCGApp.swift in Sources */ = {isa = PBXBuildFile; fileRef = FC30FFB22C027081006AF757 /* PokemonTCGApp.swift */; };
		FC30FFB72C027084006AF757 /* Assets.xcassets in Resources */ = {isa = PBXBuildFile; fileRef = FC30FFB62C027084006AF757 /* Assets.xcassets */; };
		FC30FFBA2C027084006AF757 /* Preview Assets.xcassets in Resources */ = {isa = PBXBuildFile; fileRef = FC30FFB92C027084006AF757 /* Preview Assets.xcassets */; };
		FC30FFC22C027B98006AF757 /* Swinject in Frameworks */ = {isa = PBXBuildFile; productRef = FC30FFC12C027B98006AF757 /* Swinject */; };
		FC30FFC42C027B98006AF757 /* Swinject-Dynamic in Frameworks */ = {isa = PBXBuildFile; productRef = FC30FFC32C027B98006AF757 /* Swinject-Dynamic */; };
		FC30FFD02C027DAD006AF757 /* NavigableView.swift in Sources */ = {isa = PBXBuildFile; fileRef = FC30FFCF2C027DAD006AF757 /* NavigableView.swift */; };
		FC30FFD22C027DCE006AF757 /* FlowRoute.swift in Sources */ = {isa = PBXBuildFile; fileRef = FC30FFD12C027DCE006AF757 /* FlowRoute.swift */; };
		FC30FFD42C027E1C006AF757 /* AppCoordinator.swift in Sources */ = {isa = PBXBuildFile; fileRef = FC30FFD32C027E1C006AF757 /* AppCoordinator.swift */; };
		FC30FFD62C027E6D006AF757 /* View+Extensions.swift in Sources */ = {isa = PBXBuildFile; fileRef = FC30FFD52C027E6D006AF757 /* View+Extensions.swift */; };
		FC30FFD92C027EBC006AF757 /* HomeScreen.swift in Sources */ = {isa = PBXBuildFile; fileRef = FC30FFD82C027EBC006AF757 /* HomeScreen.swift */; };
		FC30FFDB2C027F9B006AF757 /* FlowView.swift in Sources */ = {isa = PBXBuildFile; fileRef = FC30FFDA2C027F9B006AF757 /* FlowView.swift */; };
		FC9A8CCF2C028C96007C67B8 /* DependencyGraph.swift in Sources */ = {isa = PBXBuildFile; fileRef = FC9A8CCE2C028C96007C67B8 /* DependencyGraph.swift */; };
		FC9A8CD12C028C9E007C67B8 /* ContainerAssembly.swift in Sources */ = {isa = PBXBuildFile; fileRef = FC9A8CD02C028C9E007C67B8 /* ContainerAssembly.swift */; };
		FC9A8CD32C028D8A007C67B8 /* HomeViewModel.swift in Sources */ = {isa = PBXBuildFile; fileRef = FC9A8CD22C028D8A007C67B8 /* HomeViewModel.swift */; };
		FC9A8CD52C028D92007C67B8 /* HomeViewModelProtocol.swift in Sources */ = {isa = PBXBuildFile; fileRef = FC9A8CD42C028D92007C67B8 /* HomeViewModelProtocol.swift */; };
		FC9A8CD92C028DEB007C67B8 /* HomeViewState.swift in Sources */ = {isa = PBXBuildFile; fileRef = FC9A8CD82C028DEB007C67B8 /* HomeViewState.swift */; };
		FC9A8CDC2C029238007C67B8 /* AppCoordinatorProtocol.swift in Sources */ = {isa = PBXBuildFile; fileRef = FC9A8CDB2C029238007C67B8 /* AppCoordinatorProtocol.swift */; };
		FC9A8CDE2C02930D007C67B8 /* Resolver+Extensions.swift in Sources */ = {isa = PBXBuildFile; fileRef = FC9A8CDD2C02930D007C67B8 /* Resolver+Extensions.swift */; };
		FC9A8CE12C029B68007C67B8 /* Factory.swift in Sources */ = {isa = PBXBuildFile; fileRef = FC9A8CE02C029B68007C67B8 /* Factory.swift */; };
		FC9A8CE32C029B6D007C67B8 /* FactoryProtocol.swift in Sources */ = {isa = PBXBuildFile; fileRef = FC9A8CE22C029B6D007C67B8 /* FactoryProtocol.swift */; };
		FC9A8CE92C02A28D007C67B8 /* HomeScreenProtocol.swift in Sources */ = {isa = PBXBuildFile; fileRef = FC9A8CE82C02A28D007C67B8 /* HomeScreenProtocol.swift */; };
		FCA839952C02BBB000E698CE /* String+Extensions.swift in Sources */ = {isa = PBXBuildFile; fileRef = FCA839942C02BBB000E698CE /* String+Extensions.swift */; };
		FCA839972C02BC0F00E698CE /* Collection+Extensions.swift in Sources */ = {isa = PBXBuildFile; fileRef = FCA839962C02BC0F00E698CE /* Collection+Extensions.swift */; };
		FCA8399A2C02BE1D00E698CE /* Localizable.xcstrings in Resources */ = {isa = PBXBuildFile; fileRef = FCA839992C02BE1D00E698CE /* Localizable.xcstrings */; };
/* End PBXBuildFile section */

/* Begin PBXFileReference section */
		FC30FFAF2C027081006AF757 /* PokemonTCG.app */ = {isa = PBXFileReference; explicitFileType = wrapper.application; includeInIndex = 0; path = PokemonTCG.app; sourceTree = BUILT_PRODUCTS_DIR; };
		FC30FFB22C027081006AF757 /* PokemonTCGApp.swift */ = {isa = PBXFileReference; lastKnownFileType = sourcecode.swift; path = PokemonTCGApp.swift; sourceTree = "<group>"; };
		FC30FFB62C027084006AF757 /* Assets.xcassets */ = {isa = PBXFileReference; lastKnownFileType = folder.assetcatalog; path = Assets.xcassets; sourceTree = "<group>"; };
		FC30FFB92C027084006AF757 /* Preview Assets.xcassets */ = {isa = PBXFileReference; lastKnownFileType = folder.assetcatalog; path = "Preview Assets.xcassets"; sourceTree = "<group>"; };
		FC30FFCF2C027DAD006AF757 /* NavigableView.swift */ = {isa = PBXFileReference; lastKnownFileType = sourcecode.swift; path = NavigableView.swift; sourceTree = "<group>"; };
		FC30FFD12C027DCE006AF757 /* FlowRoute.swift */ = {isa = PBXFileReference; lastKnownFileType = sourcecode.swift; path = FlowRoute.swift; sourceTree = "<group>"; };
		FC30FFD32C027E1C006AF757 /* AppCoordinator.swift */ = {isa = PBXFileReference; lastKnownFileType = sourcecode.swift; path = AppCoordinator.swift; sourceTree = "<group>"; };
		FC30FFD52C027E6D006AF757 /* View+Extensions.swift */ = {isa = PBXFileReference; lastKnownFileType = sourcecode.swift; path = "View+Extensions.swift"; sourceTree = "<group>"; };
		FC30FFD82C027EBC006AF757 /* HomeScreen.swift */ = {isa = PBXFileReference; lastKnownFileType = sourcecode.swift; path = HomeScreen.swift; sourceTree = "<group>"; };
		FC30FFDA2C027F9B006AF757 /* FlowView.swift */ = {isa = PBXFileReference; lastKnownFileType = sourcecode.swift; path = FlowView.swift; sourceTree = "<group>"; };
		FC9A8CCE2C028C96007C67B8 /* DependencyGraph.swift */ = {isa = PBXFileReference; lastKnownFileType = sourcecode.swift; path = DependencyGraph.swift; sourceTree = "<group>"; };
		FC9A8CD02C028C9E007C67B8 /* ContainerAssembly.swift */ = {isa = PBXFileReference; lastKnownFileType = sourcecode.swift; path = ContainerAssembly.swift; sourceTree = "<group>"; };
		FC9A8CD22C028D8A007C67B8 /* HomeViewModel.swift */ = {isa = PBXFileReference; lastKnownFileType = sourcecode.swift; path = HomeViewModel.swift; sourceTree = "<group>"; };
		FC9A8CD42C028D92007C67B8 /* HomeViewModelProtocol.swift */ = {isa = PBXFileReference; lastKnownFileType = sourcecode.swift; path = HomeViewModelProtocol.swift; sourceTree = "<group>"; };
		FC9A8CD82C028DEB007C67B8 /* HomeViewState.swift */ = {isa = PBXFileReference; lastKnownFileType = sourcecode.swift; path = HomeViewState.swift; sourceTree = "<group>"; };
		FC9A8CDB2C029238007C67B8 /* AppCoordinatorProtocol.swift */ = {isa = PBXFileReference; lastKnownFileType = sourcecode.swift; path = AppCoordinatorProtocol.swift; sourceTree = "<group>"; };
		FC9A8CDD2C02930D007C67B8 /* Resolver+Extensions.swift */ = {isa = PBXFileReference; lastKnownFileType = sourcecode.swift; path = "Resolver+Extensions.swift"; sourceTree = "<group>"; };
		FC9A8CE02C029B68007C67B8 /* Factory.swift */ = {isa = PBXFileReference; lastKnownFileType = sourcecode.swift; path = Factory.swift; sourceTree = "<group>"; };
		FC9A8CE22C029B6D007C67B8 /* FactoryProtocol.swift */ = {isa = PBXFileReference; lastKnownFileType = sourcecode.swift; path = FactoryProtocol.swift; sourceTree = "<group>"; };
		FC9A8CE82C02A28D007C67B8 /* HomeScreenProtocol.swift */ = {isa = PBXFileReference; lastKnownFileType = sourcecode.swift; path = HomeScreenProtocol.swift; sourceTree = "<group>"; };
		FCA839942C02BBB000E698CE /* String+Extensions.swift */ = {isa = PBXFileReference; lastKnownFileType = sourcecode.swift; path = "String+Extensions.swift"; sourceTree = "<group>"; };
		FCA839962C02BC0F00E698CE /* Collection+Extensions.swift */ = {isa = PBXFileReference; lastKnownFileType = sourcecode.swift; path = "Collection+Extensions.swift"; sourceTree = "<group>"; };
		FCA839992C02BE1D00E698CE /* Localizable.xcstrings */ = {isa = PBXFileReference; lastKnownFileType = text.json.xcstrings; path = Localizable.xcstrings; sourceTree = "<group>"; };
/* End PBXFileReference section */

/* Begin PBXFrameworksBuildPhase section */
		FC30FFAC2C027081006AF757 /* Frameworks */ = {
			isa = PBXFrameworksBuildPhase;
			buildActionMask = 2147483647;
			files = (
				FC30FFC22C027B98006AF757 /* Swinject in Frameworks */,
				FC30FFC42C027B98006AF757 /* Swinject-Dynamic in Frameworks */,
			);
			runOnlyForDeploymentPostprocessing = 0;
		};
/* End PBXFrameworksBuildPhase section */

/* Begin PBXGroup section */
		FC30FFA62C027081006AF757 = {
			isa = PBXGroup;
			children = (
				FC30FFB12C027081006AF757 /* PokemonTCG */,
				FC30FFB02C027081006AF757 /* Products */,
			);
			sourceTree = "<group>";
		};
		FC30FFB02C027081006AF757 /* Products */ = {
			isa = PBXGroup;
			children = (
				FC30FFAF2C027081006AF757 /* PokemonTCG.app */,
			);
			name = Products;
			sourceTree = "<group>";
		};
		FC30FFB12C027081006AF757 /* PokemonTCG */ = {
			isa = PBXGroup;
			children = (
				FC30FFB82C027084006AF757 /* Preview Content */,
				FCA839982C02BD0200E698CE /* Resources */,
				FC30FFC52C027D48006AF757 /* Source */,
				FC30FFB62C027084006AF757 /* Assets.xcassets */,
				FC30FFB22C027081006AF757 /* PokemonTCGApp.swift */,
			);
			path = PokemonTCG;
			sourceTree = "<group>";
		};
		FC30FFB82C027084006AF757 /* Preview Content */ = {
			isa = PBXGroup;
			children = (
				FC30FFB92C027084006AF757 /* Preview Assets.xcassets */,
			);
			path = "Preview Content";
			sourceTree = "<group>";
		};
		FC30FFC52C027D48006AF757 /* Source */ = {
			isa = PBXGroup;
			children = (
				FC30FFC62C027D6E006AF757 /* Commons */,
				FC30FFC72C027D74006AF757 /* Domain */,
				FC30FFC92C027D7D006AF757 /* UI */,
				FC30FFC82C027D7A006AF757 /* Utils */,
			);
			path = Source;
			sourceTree = "<group>";
		};
		FC30FFC62C027D6E006AF757 /* Commons */ = {
			isa = PBXGroup;
			children = (
				FC9A8CCA2C028C7A007C67B8 /* DependencyGraph */,
				FC9A8CDF2C029B62007C67B8 /* Factory */,
				FC30FFCC2C027D8D006AF757 /* Navigation */,
			);
			path = Commons;
			sourceTree = "<group>";
		};
		FC30FFC72C027D74006AF757 /* Domain */ = {
			isa = PBXGroup;
			children = (
				FC30FFCD2C027D91006AF757 /* Models */,
			);
			path = Domain;
			sourceTree = "<group>";
		};
		FC30FFC82C027D7A006AF757 /* Utils */ = {
			isa = PBXGroup;
			children = (
				FC30FFCE2C027D99006AF757 /* Extensions */,
			);
			path = Utils;
			sourceTree = "<group>";
		};
		FC30FFC92C027D7D006AF757 /* UI */ = {
			isa = PBXGroup;
			children = (
				FC30FFCB2C027D86006AF757 /* Components */,
				FC30FFCA2C027D83006AF757 /* Features */,
			);
			path = UI;
			sourceTree = "<group>";
		};
		FC30FFCA2C027D83006AF757 /* Features */ = {
			isa = PBXGroup;
			children = (
				FC30FFD72C027EB6006AF757 /* Home */,
			);
			path = Features;
			sourceTree = "<group>";
		};
		FC30FFCB2C027D86006AF757 /* Components */ = {
			isa = PBXGroup;
			children = (
			);
			path = Components;
			sourceTree = "<group>";
		};
		FC30FFCC2C027D8D006AF757 /* Navigation */ = {
			isa = PBXGroup;
			children = (
				FC9A8CDA2C02922A007C67B8 /* AppCoordinator */,
				FC30FFD12C027DCE006AF757 /* FlowRoute.swift */,
				FC30FFDA2C027F9B006AF757 /* FlowView.swift */,
				FC30FFCF2C027DAD006AF757 /* NavigableView.swift */,
			);
			path = Navigation;
			sourceTree = "<group>";
		};
		FC30FFCD2C027D91006AF757 /* Models */ = {
			isa = PBXGroup;
			children = (
			);
			path = Models;
			sourceTree = "<group>";
		};
		FC30FFCE2C027D99006AF757 /* Extensions */ = {
			isa = PBXGroup;
			children = (
				FCA839962C02BC0F00E698CE /* Collection+Extensions.swift */,
				FC9A8CDD2C02930D007C67B8 /* Resolver+Extensions.swift */,
				FCA839942C02BBB000E698CE /* String+Extensions.swift */,
				FC30FFD52C027E6D006AF757 /* View+Extensions.swift */,
			);
			path = Extensions;
			sourceTree = "<group>";
		};
		FC30FFD72C027EB6006AF757 /* Home */ = {
			isa = PBXGroup;
			children = (
				FC30FFD82C027EBC006AF757 /* HomeScreen.swift */,
				FC9A8CE82C02A28D007C67B8 /* HomeScreenProtocol.swift */,
				FC9A8CD22C028D8A007C67B8 /* HomeViewModel.swift */,
				FC9A8CD42C028D92007C67B8 /* HomeViewModelProtocol.swift */,
				FC9A8CD82C028DEB007C67B8 /* HomeViewState.swift */,
			);
			path = Home;
			sourceTree = "<group>";
		};
		FC9A8CCA2C028C7A007C67B8 /* DependencyGraph */ = {
			isa = PBXGroup;
			children = (
				FC9A8CCB2C028C85007C67B8 /* Assemblies */,
				FC9A8CCE2C028C96007C67B8 /* DependencyGraph.swift */,
			);
			path = DependencyGraph;
			sourceTree = "<group>";
		};
		FC9A8CCB2C028C85007C67B8 /* Assemblies */ = {
			isa = PBXGroup;
			children = (
				FC9A8CD02C028C9E007C67B8 /* ContainerAssembly.swift */,
			);
			path = Assemblies;
			sourceTree = "<group>";
		};
		FC9A8CDA2C02922A007C67B8 /* AppCoordinator */ = {
			isa = PBXGroup;
			children = (
				FC30FFD32C027E1C006AF757 /* AppCoordinator.swift */,
				FC9A8CDB2C029238007C67B8 /* AppCoordinatorProtocol.swift */,
			);
			path = AppCoordinator;
			sourceTree = "<group>";
		};
		FC9A8CDF2C029B62007C67B8 /* Factory */ = {
			isa = PBXGroup;
			children = (
				FC9A8CE02C029B68007C67B8 /* Factory.swift */,
				FC9A8CE22C029B6D007C67B8 /* FactoryProtocol.swift */,
			);
			path = Factory;
			sourceTree = "<group>";
		};
		FCA839982C02BD0200E698CE /* Resources */ = {
			isa = PBXGroup;
			children = (
				FCA839992C02BE1D00E698CE /* Localizable.xcstrings */,
			);
			path = Resources;
			sourceTree = "<group>";
		};
/* End PBXGroup section */

/* Begin PBXNativeTarget section */
		FC30FFAE2C027081006AF757 /* PokemonTCG */ = {
			isa = PBXNativeTarget;
			buildConfigurationList = FC30FFBD2C027084006AF757 /* Build configuration list for PBXNativeTarget "PokemonTCG" */;
			buildPhases = (
				FC30FFAB2C027081006AF757 /* Sources */,
				FC9A8CC92C028406007C67B8 /* Swiftlint */,
				FC30FFAC2C027081006AF757 /* Frameworks */,
				FC30FFAD2C027081006AF757 /* Resources */,
			);
			buildRules = (
			);
			dependencies = (
			);
			name = PokemonTCG;
			packageProductDependencies = (
				FC30FFC12C027B98006AF757 /* Swinject */,
				FC30FFC32C027B98006AF757 /* Swinject-Dynamic */,
			);
			productName = PokemonTCG;
			productReference = FC30FFAF2C027081006AF757 /* PokemonTCG.app */;
			productType = "com.apple.product-type.application";
		};
/* End PBXNativeTarget section */

/* Begin PBXProject section */
		FC30FFA72C027081006AF757 /* Project object */ = {
			isa = PBXProject;
			attributes = {
				BuildIndependentTargetsInParallel = 1;
				LastSwiftUpdateCheck = 1520;
				LastUpgradeCheck = 1520;
				TargetAttributes = {
					FC30FFAE2C027081006AF757 = {
						CreatedOnToolsVersion = 15.2;
					};
				};
			};
			buildConfigurationList = FC30FFAA2C027081006AF757 /* Build configuration list for PBXProject "PokemonTCG" */;
			compatibilityVersion = "Xcode 14.0";
			developmentRegion = en;
			hasScannedForEncodings = 0;
			knownRegions = (
				en,
				Base,
				"pt-BR",
			);
			mainGroup = FC30FFA62C027081006AF757;
			packageReferences = (
				FC30FFC02C027B98006AF757 /* XCRemoteSwiftPackageReference "Swinject" */,
			);
			productRefGroup = FC30FFB02C027081006AF757 /* Products */;
			projectDirPath = "";
			projectRoot = "";
			targets = (
				FC30FFAE2C027081006AF757 /* PokemonTCG */,
			);
		};
/* End PBXProject section */

/* Begin PBXResourcesBuildPhase section */
		FC30FFAD2C027081006AF757 /* Resources */ = {
			isa = PBXResourcesBuildPhase;
			buildActionMask = 2147483647;
			files = (
				FC30FFBA2C027084006AF757 /* Preview Assets.xcassets in Resources */,
				FC30FFB72C027084006AF757 /* Assets.xcassets in Resources */,
				FCA8399A2C02BE1D00E698CE /* Localizable.xcstrings in Resources */,
			);
			runOnlyForDeploymentPostprocessing = 0;
		};
/* End PBXResourcesBuildPhase section */

/* Begin PBXShellScriptBuildPhase section */
		FC9A8CC92C028406007C67B8 /* Swiftlint */ = {
			isa = PBXShellScriptBuildPhase;
			alwaysOutOfDate = 1;
			buildActionMask = 2147483647;
			files = (
			);
			inputFileListPaths = (
			);
			inputPaths = (
			);
			name = Swiftlint;
			outputFileListPaths = (
			);
			outputPaths = (
			);
			runOnlyForDeploymentPostprocessing = 0;
			shellPath = /bin/sh;
			shellScript = "if which swiftlint > /dev/null; then\n  swiftlint\nelse\n  echo \"warning: SwiftLint not installed, download from https://github.com/realm/SwiftLint\"\nfi\n";
		};
/* End PBXShellScriptBuildPhase section */

/* Begin PBXSourcesBuildPhase section */
		FC30FFAB2C027081006AF757 /* Sources */ = {
			isa = PBXSourcesBuildPhase;
			buildActionMask = 2147483647;
			files = (
				FC30FFD42C027E1C006AF757 /* AppCoordinator.swift in Sources */,
				FC9A8CDC2C029238007C67B8 /* AppCoordinatorProtocol.swift in Sources */,
				FC9A8CCF2C028C96007C67B8 /* DependencyGraph.swift in Sources */,
				FC30FFDB2C027F9B006AF757 /* FlowView.swift in Sources */,
				FCA839952C02BBB000E698CE /* String+Extensions.swift in Sources */,
				FC9A8CD92C028DEB007C67B8 /* HomeViewState.swift in Sources */,
				FC9A8CD32C028D8A007C67B8 /* HomeViewModel.swift in Sources */,
				FC9A8CE92C02A28D007C67B8 /* HomeScreenProtocol.swift in Sources */,
				FC30FFD02C027DAD006AF757 /* NavigableView.swift in Sources */,
				FC9A8CD12C028C9E007C67B8 /* ContainerAssembly.swift in Sources */,
				FC30FFD92C027EBC006AF757 /* HomeScreen.swift in Sources */,
				FCA839972C02BC0F00E698CE /* Collection+Extensions.swift in Sources */,
				FC9A8CD52C028D92007C67B8 /* HomeViewModelProtocol.swift in Sources */,
				FC9A8CE32C029B6D007C67B8 /* FactoryProtocol.swift in Sources */,
				FC30FFD22C027DCE006AF757 /* FlowRoute.swift in Sources */,
				FC9A8CDE2C02930D007C67B8 /* Resolver+Extensions.swift in Sources */,
				FC30FFD62C027E6D006AF757 /* View+Extensions.swift in Sources */,
				FC30FFB32C027081006AF757 /* PokemonTCGApp.swift in Sources */,
				FC9A8CE12C029B68007C67B8 /* Factory.swift in Sources */,
			);
			runOnlyForDeploymentPostprocessing = 0;
		};
/* End PBXSourcesBuildPhase section */

/* Begin XCBuildConfiguration section */
		FC30FFBB2C027084006AF757 /* Debug */ = {
			isa = XCBuildConfiguration;
			buildSettings = {
				ALWAYS_SEARCH_USER_PATHS = NO;
				ASSETCATALOG_COMPILER_GENERATE_SWIFT_ASSET_SYMBOL_EXTENSIONS = YES;
				CLANG_ANALYZER_NONNULL = YES;
				CLANG_ANALYZER_NUMBER_OBJECT_CONVERSION = YES_AGGRESSIVE;
				CLANG_CXX_LANGUAGE_STANDARD = "gnu++20";
				CLANG_ENABLE_MODULES = YES;
				CLANG_ENABLE_OBJC_ARC = YES;
				CLANG_ENABLE_OBJC_WEAK = YES;
				CLANG_WARN_BLOCK_CAPTURE_AUTORELEASING = YES;
				CLANG_WARN_BOOL_CONVERSION = YES;
				CLANG_WARN_COMMA = YES;
				CLANG_WARN_CONSTANT_CONVERSION = YES;
				CLANG_WARN_DEPRECATED_OBJC_IMPLEMENTATIONS = YES;
				CLANG_WARN_DIRECT_OBJC_ISA_USAGE = YES_ERROR;
				CLANG_WARN_DOCUMENTATION_COMMENTS = YES;
				CLANG_WARN_EMPTY_BODY = YES;
				CLANG_WARN_ENUM_CONVERSION = YES;
				CLANG_WARN_INFINITE_RECURSION = YES;
				CLANG_WARN_INT_CONVERSION = YES;
				CLANG_WARN_NON_LITERAL_NULL_CONVERSION = YES;
				CLANG_WARN_OBJC_IMPLICIT_RETAIN_SELF = YES;
				CLANG_WARN_OBJC_LITERAL_CONVERSION = YES;
				CLANG_WARN_OBJC_ROOT_CLASS = YES_ERROR;
				CLANG_WARN_QUOTED_INCLUDE_IN_FRAMEWORK_HEADER = YES;
				CLANG_WARN_RANGE_LOOP_ANALYSIS = YES;
				CLANG_WARN_STRICT_PROTOTYPES = YES;
				CLANG_WARN_SUSPICIOUS_MOVE = YES;
				CLANG_WARN_UNGUARDED_AVAILABILITY = YES_AGGRESSIVE;
				CLANG_WARN_UNREACHABLE_CODE = YES;
				CLANG_WARN__DUPLICATE_METHOD_MATCH = YES;
				COPY_PHASE_STRIP = NO;
				DEBUG_INFORMATION_FORMAT = dwarf;
				ENABLE_STRICT_OBJC_MSGSEND = YES;
				ENABLE_TESTABILITY = YES;
				ENABLE_USER_SCRIPT_SANDBOXING = NO;
				GCC_C_LANGUAGE_STANDARD = gnu17;
				GCC_DYNAMIC_NO_PIC = NO;
				GCC_NO_COMMON_BLOCKS = YES;
				GCC_OPTIMIZATION_LEVEL = 0;
				GCC_PREPROCESSOR_DEFINITIONS = (
					"DEBUG=1",
					"$(inherited)",
				);
				GCC_WARN_64_TO_32_BIT_CONVERSION = YES;
				GCC_WARN_ABOUT_RETURN_TYPE = YES_ERROR;
				GCC_WARN_UNDECLARED_SELECTOR = YES;
				GCC_WARN_UNINITIALIZED_AUTOS = YES_AGGRESSIVE;
				GCC_WARN_UNUSED_FUNCTION = YES;
				GCC_WARN_UNUSED_VARIABLE = YES;
				IPHONEOS_DEPLOYMENT_TARGET = 17.0;
				LOCALIZATION_PREFERS_STRING_CATALOGS = YES;
				MTL_ENABLE_DEBUG_INFO = INCLUDE_SOURCE;
				MTL_FAST_MATH = YES;
				ONLY_ACTIVE_ARCH = YES;
				SDKROOT = iphoneos;
				SWIFT_ACTIVE_COMPILATION_CONDITIONS = "DEBUG $(inherited)";
				SWIFT_OPTIMIZATION_LEVEL = "-Onone";
			};
			name = Debug;
		};
		FC30FFBC2C027084006AF757 /* Release */ = {
			isa = XCBuildConfiguration;
			buildSettings = {
				ALWAYS_SEARCH_USER_PATHS = NO;
				ASSETCATALOG_COMPILER_GENERATE_SWIFT_ASSET_SYMBOL_EXTENSIONS = YES;
				CLANG_ANALYZER_NONNULL = YES;
				CLANG_ANALYZER_NUMBER_OBJECT_CONVERSION = YES_AGGRESSIVE;
				CLANG_CXX_LANGUAGE_STANDARD = "gnu++20";
				CLANG_ENABLE_MODULES = YES;
				CLANG_ENABLE_OBJC_ARC = YES;
				CLANG_ENABLE_OBJC_WEAK = YES;
				CLANG_WARN_BLOCK_CAPTURE_AUTORELEASING = YES;
				CLANG_WARN_BOOL_CONVERSION = YES;
				CLANG_WARN_COMMA = YES;
				CLANG_WARN_CONSTANT_CONVERSION = YES;
				CLANG_WARN_DEPRECATED_OBJC_IMPLEMENTATIONS = YES;
				CLANG_WARN_DIRECT_OBJC_ISA_USAGE = YES_ERROR;
				CLANG_WARN_DOCUMENTATION_COMMENTS = YES;
				CLANG_WARN_EMPTY_BODY = YES;
				CLANG_WARN_ENUM_CONVERSION = YES;
				CLANG_WARN_INFINITE_RECURSION = YES;
				CLANG_WARN_INT_CONVERSION = YES;
				CLANG_WARN_NON_LITERAL_NULL_CONVERSION = YES;
				CLANG_WARN_OBJC_IMPLICIT_RETAIN_SELF = YES;
				CLANG_WARN_OBJC_LITERAL_CONVERSION = YES;
				CLANG_WARN_OBJC_ROOT_CLASS = YES_ERROR;
				CLANG_WARN_QUOTED_INCLUDE_IN_FRAMEWORK_HEADER = YES;
				CLANG_WARN_RANGE_LOOP_ANALYSIS = YES;
				CLANG_WARN_STRICT_PROTOTYPES = YES;
				CLANG_WARN_SUSPICIOUS_MOVE = YES;
				CLANG_WARN_UNGUARDED_AVAILABILITY = YES_AGGRESSIVE;
				CLANG_WARN_UNREACHABLE_CODE = YES;
				CLANG_WARN__DUPLICATE_METHOD_MATCH = YES;
				COPY_PHASE_STRIP = NO;
				DEBUG_INFORMATION_FORMAT = "dwarf-with-dsym";
				ENABLE_NS_ASSERTIONS = NO;
				ENABLE_STRICT_OBJC_MSGSEND = YES;
				ENABLE_USER_SCRIPT_SANDBOXING = NO;
				GCC_C_LANGUAGE_STANDARD = gnu17;
				GCC_NO_COMMON_BLOCKS = YES;
				GCC_WARN_64_TO_32_BIT_CONVERSION = YES;
				GCC_WARN_ABOUT_RETURN_TYPE = YES_ERROR;
				GCC_WARN_UNDECLARED_SELECTOR = YES;
				GCC_WARN_UNINITIALIZED_AUTOS = YES_AGGRESSIVE;
				GCC_WARN_UNUSED_FUNCTION = YES;
				GCC_WARN_UNUSED_VARIABLE = YES;
				IPHONEOS_DEPLOYMENT_TARGET = 17.0;
				LOCALIZATION_PREFERS_STRING_CATALOGS = YES;
				MTL_ENABLE_DEBUG_INFO = NO;
				MTL_FAST_MATH = YES;
				SDKROOT = iphoneos;
				SWIFT_COMPILATION_MODE = wholemodule;
				VALIDATE_PRODUCT = YES;
			};
			name = Release;
		};
		FC30FFBE2C027084006AF757 /* Debug */ = {
			isa = XCBuildConfiguration;
			buildSettings = {
				ASSETCATALOG_COMPILER_APPICON_NAME = AppIcon;
				ASSETCATALOG_COMPILER_GLOBAL_ACCENT_COLOR_NAME = AccentColor;
				CODE_SIGN_STYLE = Automatic;
				CURRENT_PROJECT_VERSION = 1;
				DEVELOPMENT_ASSET_PATHS = "\"PokemonTCG/Preview Content\"";
				DEVELOPMENT_TEAM = 7Q7P4QSJ2J;
				ENABLE_PREVIEWS = YES;
				GENERATE_INFOPLIST_FILE = YES;
				INFOPLIST_KEY_UIApplicationSceneManifest_Generation = YES;
				INFOPLIST_KEY_UIApplicationSupportsIndirectInputEvents = YES;
				INFOPLIST_KEY_UILaunchScreen_Generation = YES;
				INFOPLIST_KEY_UISupportedInterfaceOrientations = UIInterfaceOrientationPortrait;
				LD_RUNPATH_SEARCH_PATHS = (
					"$(inherited)",
					"@executable_path/Frameworks",
				);
				MARKETING_VERSION = 1.0;
				PRODUCT_BUNDLE_IDENTIFIER = com.matheustorres.PokemonTCG;
				PRODUCT_NAME = "$(TARGET_NAME)";
				SUPPORTED_PLATFORMS = "iphoneos iphonesimulator";
				SUPPORTS_MACCATALYST = NO;
				SUPPORTS_MAC_DESIGNED_FOR_IPHONE_IPAD = NO;
				SUPPORTS_XR_DESIGNED_FOR_IPHONE_IPAD = NO;
				SWIFT_EMIT_LOC_STRINGS = YES;
				SWIFT_VERSION = 5.0;
				TARGETED_DEVICE_FAMILY = 1;
			};
			name = Debug;
		};
		FC30FFBF2C027084006AF757 /* Release */ = {
			isa = XCBuildConfiguration;
			buildSettings = {
				ASSETCATALOG_COMPILER_APPICON_NAME = AppIcon;
				ASSETCATALOG_COMPILER_GLOBAL_ACCENT_COLOR_NAME = AccentColor;
				CODE_SIGN_STYLE = Automatic;
				CURRENT_PROJECT_VERSION = 1;
				DEVELOPMENT_ASSET_PATHS = "\"PokemonTCG/Preview Content\"";
				DEVELOPMENT_TEAM = 7Q7P4QSJ2J;
				ENABLE_PREVIEWS = YES;
				GENERATE_INFOPLIST_FILE = YES;
				INFOPLIST_KEY_UIApplicationSceneManifest_Generation = YES;
				INFOPLIST_KEY_UIApplicationSupportsIndirectInputEvents = YES;
				INFOPLIST_KEY_UILaunchScreen_Generation = YES;
				INFOPLIST_KEY_UISupportedInterfaceOrientations = UIInterfaceOrientationPortrait;
				LD_RUNPATH_SEARCH_PATHS = (
					"$(inherited)",
					"@executable_path/Frameworks",
				);
				MARKETING_VERSION = 1.0;
				PRODUCT_BUNDLE_IDENTIFIER = com.matheustorres.PokemonTCG;
				PRODUCT_NAME = "$(TARGET_NAME)";
				SUPPORTED_PLATFORMS = "iphoneos iphonesimulator";
				SUPPORTS_MACCATALYST = NO;
				SUPPORTS_MAC_DESIGNED_FOR_IPHONE_IPAD = NO;
				SUPPORTS_XR_DESIGNED_FOR_IPHONE_IPAD = NO;
				SWIFT_EMIT_LOC_STRINGS = YES;
				SWIFT_VERSION = 5.0;
				TARGETED_DEVICE_FAMILY = 1;
			};
			name = Release;
		};
/* End XCBuildConfiguration section */

/* Begin XCConfigurationList section */
		FC30FFAA2C027081006AF757 /* Build configuration list for PBXProject "PokemonTCG" */ = {
			isa = XCConfigurationList;
			buildConfigurations = (
				FC30FFBB2C027084006AF757 /* Debug */,
				FC30FFBC2C027084006AF757 /* Release */,
			);
			defaultConfigurationIsVisible = 0;
			defaultConfigurationName = Release;
		};
		FC30FFBD2C027084006AF757 /* Build configuration list for PBXNativeTarget "PokemonTCG" */ = {
			isa = XCConfigurationList;
			buildConfigurations = (
				FC30FFBE2C027084006AF757 /* Debug */,
				FC30FFBF2C027084006AF757 /* Release */,
			);
			defaultConfigurationIsVisible = 0;
			defaultConfigurationName = Release;
		};
/* End XCConfigurationList section */

/* Begin XCRemoteSwiftPackageReference section */
		FC30FFC02C027B98006AF757 /* XCRemoteSwiftPackageReference "Swinject" */ = {
			isa = XCRemoteSwiftPackageReference;
			repositoryURL = "https://github.com/Swinject/Swinject";
			requirement = {
				kind = upToNextMajorVersion;
				minimumVersion = 2.8.8;
			};
		};
/* End XCRemoteSwiftPackageReference section */

/* Begin XCSwiftPackageProductDependency section */
		FC30FFC12C027B98006AF757 /* Swinject */ = {
			isa = XCSwiftPackageProductDependency;
			package = FC30FFC02C027B98006AF757 /* XCRemoteSwiftPackageReference "Swinject" */;
			productName = Swinject;
		};
		FC30FFC32C027B98006AF757 /* Swinject-Dynamic */ = {
			isa = XCSwiftPackageProductDependency;
			package = FC30FFC02C027B98006AF757 /* XCRemoteSwiftPackageReference "Swinject" */;
			productName = "Swinject-Dynamic";
		};
/* End XCSwiftPackageProductDependency section */
	};
	rootObject = FC30FFA72C027081006AF757 /* Project object */;
}
